// !$*UTF8*$!
{
	archiveVersion = 1;
	classes = {
	};
	objectVersion = 55;
	objects = {

/* Begin PBXBuildFile section */
		FB0EAE1D275787390065BEE2 /* main.swift in Sources */ = {isa = PBXBuildFile; fileRef = FB0EAE1C275787390065BEE2 /* main.swift */; };
		FB0EAE422757C5040065BEE2 /* depth-measurements.txt in CopyFiles */ = {isa = PBXBuildFile; fileRef = FB0EAE412757C4D80065BEE2 /* depth-measurements.txt */; };
		FB0EAE6D27581CC00065BEE2 /* AOCFramework.docc in Sources */ = {isa = PBXBuildFile; fileRef = FB0EAE6C27581CC00065BEE2 /* AOCFramework.docc */; };
		FB0EAE7327581CC10065BEE2 /* AOCFramework.framework in Frameworks */ = {isa = PBXBuildFile; fileRef = FB0EAE6927581CC00065BEE2 /* AOCFramework.framework */; };
		FB0EAE7927581CC10065BEE2 /* AOCFramework.h in Headers */ = {isa = PBXBuildFile; fileRef = FB0EAE6B27581CC00065BEE2 /* AOCFramework.h */; settings = {ATTRIBUTES = (Public, ); }; };
		FB0EAE8027581CEB0065BEE2 /* DepthIncrease.swift in Sources */ = {isa = PBXBuildFile; fileRef = FB0EAE26275789130065BEE2 /* DepthIncrease.swift */; };
		FB0EAE8127581CF40065BEE2 /* depth-measurements.txt in Resources */ = {isa = PBXBuildFile; fileRef = FB0EAE412757C4D80065BEE2 /* depth-measurements.txt */; };
		FB0EAE8227581CFF0065BEE2 /* test-depth-measurements.txt in Resources */ = {isa = PBXBuildFile; fileRef = FB0EAE312757C3B90065BEE2 /* test-depth-measurements.txt */; };
		FB0EAE8327581D020065BEE2 /* DepthIncreaseTests.swift in Sources */ = {isa = PBXBuildFile; fileRef = FB0EAE322757C4030065BEE2 /* DepthIncreaseTests.swift */; };
		FB0EAE8427581D3F0065BEE2 /* FileReader.swift in Sources */ = {isa = PBXBuildFile; fileRef = FB0EAE2A2757898C0065BEE2 /* FileReader.swift */; };
		FB0EAE8527581D430065BEE2 /* Resources.swift in Sources */ = {isa = PBXBuildFile; fileRef = FB0EAE2C2757BABC0065BEE2 /* Resources.swift */; };
		FB0EAE8627581D460065BEE2 /* StringExtension.swift in Sources */ = {isa = PBXBuildFile; fileRef = FB0EAE2E2757BD7F0065BEE2 /* StringExtension.swift */; };
		FB0EAE8727581D8C0065BEE2 /* test-depth-measurements.txt in CopyFiles */ = {isa = PBXBuildFile; fileRef = FB0EAE312757C3B90065BEE2 /* test-depth-measurements.txt */; };
		FB0EAE8927581FE40065BEE2 /* test-depth-measurements.txt in Resources */ = {isa = PBXBuildFile; fileRef = FB0EAE312757C3B90065BEE2 /* test-depth-measurements.txt */; };
		FB0EAE8B2758223B0065BEE2 /* AOCFramework.framework in Frameworks */ = {isa = PBXBuildFile; fileRef = FB0EAE6927581CC00065BEE2 /* AOCFramework.framework */; };
		FB0EAE8D2758251F0065BEE2 /* SlidingWindow.swift in Sources */ = {isa = PBXBuildFile; fileRef = FB0EAE8C2758251F0065BEE2 /* SlidingWindow.swift */; };
		FB0EAE902758CD1C0065BEE2 /* DiveNavigation.swift in Sources */ = {isa = PBXBuildFile; fileRef = FB0EAE8F2758CD1C0065BEE2 /* DiveNavigation.swift */; };
		FB0EAE942758CE7E0065BEE2 /* test-navigation-data.txt in Resources */ = {isa = PBXBuildFile; fileRef = FB0EAE922758CDEA0065BEE2 /* test-navigation-data.txt */; };
		FB0EAE952758CE7F0065BEE2 /* test-navigation-data.txt in Resources */ = {isa = PBXBuildFile; fileRef = FB0EAE922758CDEA0065BEE2 /* test-navigation-data.txt */; };
		FB0EAE972758CF8D0065BEE2 /* FormattedFileReader.swift in Sources */ = {isa = PBXBuildFile; fileRef = FB0EAE962758CF8D0065BEE2 /* FormattedFileReader.swift */; };
		FB0EAE992758D6610065BEE2 /* FileColumn.swift in Sources */ = {isa = PBXBuildFile; fileRef = FB0EAE982758D6610065BEE2 /* FileColumn.swift */; };
		FB0EAE9B27593B2E0065BEE2 /* DiveNavigationTests.swift in Sources */ = {isa = PBXBuildFile; fileRef = FB0EAE9A27593B2E0065BEE2 /* DiveNavigationTests.swift */; };
		FB0EAE9C27593D660065BEE2 /* navigation-data.txt in CopyFiles */ = {isa = PBXBuildFile; fileRef = FB0EAE932758CE270065BEE2 /* navigation-data.txt */; };
		FB0EAE9D27593D660065BEE2 /* test-navigation-data.txt in CopyFiles */ = {isa = PBXBuildFile; fileRef = FB0EAE922758CDEA0065BEE2 /* test-navigation-data.txt */; };
		FB0EAE9E27593E680065BEE2 /* navigation-data.txt in Resources */ = {isa = PBXBuildFile; fileRef = FB0EAE932758CE270065BEE2 /* navigation-data.txt */; };
		FB0EAE9F27593E6B0065BEE2 /* navigation-data.txt in Resources */ = {isa = PBXBuildFile; fileRef = FB0EAE932758CE270065BEE2 /* navigation-data.txt */; };
		FB0EAEA4275A179A0065BEE2 /* BinaryDiagnostic.swift in Sources */ = {isa = PBXBuildFile; fileRef = FB0EAEA3275A179A0065BEE2 /* BinaryDiagnostic.swift */; };
		FB0EAEA9275A590C0065BEE2 /* BinaryDiagnosticModels.swift in Sources */ = {isa = PBXBuildFile; fileRef = FB0EAEA8275A590C0065BEE2 /* BinaryDiagnosticModels.swift */; };
		FB0EAEAB275A63690065BEE2 /* BinaryDiagnosticTests.swift in Sources */ = {isa = PBXBuildFile; fileRef = FB0EAEAA275A63690065BEE2 /* BinaryDiagnosticTests.swift */; };
		FB0EAEAC275A636F0065BEE2 /* test-binary-diagnostic-data.txt in Resources */ = {isa = PBXBuildFile; fileRef = FB0EAEA7275A1EB50065BEE2 /* test-binary-diagnostic-data.txt */; };
		FB0EAEAD275A636F0065BEE2 /* test-binary-diagnostic-data.txt in Resources */ = {isa = PBXBuildFile; fileRef = FB0EAEA7275A1EB50065BEE2 /* test-binary-diagnostic-data.txt */; };
		FB0EAEAE275A63760065BEE2 /* binary-diagnostic-data.txt in Resources */ = {isa = PBXBuildFile; fileRef = FB0EAEA5275A17D60065BEE2 /* binary-diagnostic-data.txt */; };
		FB0EAEAF275A63760065BEE2 /* binary-diagnostic-data.txt in Resources */ = {isa = PBXBuildFile; fileRef = FB0EAEA5275A17D60065BEE2 /* binary-diagnostic-data.txt */; };
		FB0EAEB0275A63850065BEE2 /* binary-diagnostic-data.txt in CopyFiles */ = {isa = PBXBuildFile; fileRef = FB0EAEA5275A17D60065BEE2 /* binary-diagnostic-data.txt */; };
		FB0EAEB1275A63850065BEE2 /* test-binary-diagnostic-data.txt in CopyFiles */ = {isa = PBXBuildFile; fileRef = FB0EAEA7275A1EB50065BEE2 /* test-binary-diagnostic-data.txt */; };
		FB0EAEB8275B73B20065BEE2 /* BingoCalculator.swift in Sources */ = {isa = PBXBuildFile; fileRef = FB0EAEB7275B73B20065BEE2 /* BingoCalculator.swift */; };
		FB0EAEB9275B73B70065BEE2 /* Day4-GiantSquid.txt in Resources */ = {isa = PBXBuildFile; fileRef = FB0EAEB6275B736A0065BEE2 /* Day4-GiantSquid.txt */; };
		FB0EAEBA275B73B70065BEE2 /* Day4-GiantSquid.txt in Resources */ = {isa = PBXBuildFile; fileRef = FB0EAEB6275B736A0065BEE2 /* Day4-GiantSquid.txt */; };
		FB0EAEBB275B73BB0065BEE2 /* test-bingo-data.txt in Resources */ = {isa = PBXBuildFile; fileRef = FB0EAEB4275B73310065BEE2 /* test-bingo-data.txt */; };
		FB0EAEBC275B73BB0065BEE2 /* test-bingo-data.txt in Resources */ = {isa = PBXBuildFile; fileRef = FB0EAEB4275B73310065BEE2 /* test-bingo-data.txt */; };
		FB0EAEBD275B73C70065BEE2 /* bingo-data.txt in CopyFiles */ = {isa = PBXBuildFile; fileRef = FB0EAEB5275B73520065BEE2 /* bingo-data.txt */; };
		FB0EAEBE275B73C70065BEE2 /* test-bingo-data.txt in CopyFiles */ = {isa = PBXBuildFile; fileRef = FB0EAEB4275B73310065BEE2 /* test-bingo-data.txt */; };
		FB0EAEC0275B74EC0065BEE2 /* BingoCalculatorModels.swift in Sources */ = {isa = PBXBuildFile; fileRef = FB0EAEBF275B74EC0065BEE2 /* BingoCalculatorModels.swift */; };
		FB0EAEC2275BC0EB0065BEE2 /* BingoFileReader.swift in Sources */ = {isa = PBXBuildFile; fileRef = FB0EAEC1275BC0EB0065BEE2 /* BingoFileReader.swift */; };
		FB0EAEC6275C1A710065BEE2 /* BingoCalculatorTests.swift in Sources */ = {isa = PBXBuildFile; fileRef = FB0EAEC5275C1A710065BEE2 /* BingoCalculatorTests.swift */; };
		FB0EAEC7275C214B0065BEE2 /* bingo-data.txt in Resources */ = {isa = PBXBuildFile; fileRef = FB0EAEB5275B73520065BEE2 /* bingo-data.txt */; };
		FB0EAEC8275C214C0065BEE2 /* bingo-data.txt in Resources */ = {isa = PBXBuildFile; fileRef = FB0EAEB5275B73520065BEE2 /* bingo-data.txt */; };
		FB0EAECE275CC51D0065BEE2 /* test-hydrothermal-lines-data.txt in Resources */ = {isa = PBXBuildFile; fileRef = FB0EAECD275CC5070065BEE2 /* test-hydrothermal-lines-data.txt */; };
		FB0EAECF275CC51D0065BEE2 /* test-hydrothermal-lines-data.txt in Resources */ = {isa = PBXBuildFile; fileRef = FB0EAECD275CC5070065BEE2 /* test-hydrothermal-lines-data.txt */; };
		FB0EAED0275CC5200065BEE2 /* test-lanternfish-spawn-data.txt in Resources */ = {isa = PBXBuildFile; fileRef = FB0EAECC275CC4E40065BEE2 /* test-lanternfish-spawn-data.txt */; };
		FB0EAED1275CC5200065BEE2 /* test-lanternfish-spawn-data.txt in Resources */ = {isa = PBXBuildFile; fileRef = FB0EAECC275CC4E40065BEE2 /* test-lanternfish-spawn-data.txt */; };
		FB0EAED2275CC52B0065BEE2 /* test-lanternfish-spawn-data.txt in CopyFiles */ = {isa = PBXBuildFile; fileRef = FB0EAECC275CC4E40065BEE2 /* test-lanternfish-spawn-data.txt */; };
		FB0EAED3275CC52B0065BEE2 /* test-hydrothermal-lines-data.txt in CopyFiles */ = {isa = PBXBuildFile; fileRef = FB0EAECD275CC5070065BEE2 /* test-hydrothermal-lines-data.txt */; };
		FB0EAED5275CC5850065BEE2 /* HydrothermalDanger.swift in Sources */ = {isa = PBXBuildFile; fileRef = FB0EAED4275CC5850065BEE2 /* HydrothermalDanger.swift */; };
		FB0EAED7275CC5AB0065BEE2 /* HydrothermalDangerTests.swift in Sources */ = {isa = PBXBuildFile; fileRef = FB0EAED6275CC5AB0065BEE2 /* HydrothermalDangerTests.swift */; };
		FB0EAED9275D71AD0065BEE2 /* HydrothermalDangerModels.swift in Sources */ = {isa = PBXBuildFile; fileRef = FB0EAED8275D71AD0065BEE2 /* HydrothermalDangerModels.swift */; };
		FB0EAEE0275DF1540065BEE2 /* LanternFish.swift in Sources */ = {isa = PBXBuildFile; fileRef = FB0EAEDF275DF1540065BEE2 /* LanternFish.swift */; };
		FB0EAEE2275E09A40065BEE2 /* LanternFishTests.swift in Sources */ = {isa = PBXBuildFile; fileRef = FB0EAEE1275E09A40065BEE2 /* LanternFishTests.swift */; };
		FB0EAEE3275E0CD20065BEE2 /* lanternfish-spawn-data.txt in Resources */ = {isa = PBXBuildFile; fileRef = FB0EAEDE275DF0500065BEE2 /* lanternfish-spawn-data.txt */; };
		FB0EAEE4275E0CD20065BEE2 /* lanternfish-spawn-data.txt in Resources */ = {isa = PBXBuildFile; fileRef = FB0EAEDE275DF0500065BEE2 /* lanternfish-spawn-data.txt */; };
		FB0EAEE5275E0CF90065BEE2 /* lanternfish-spawn-data.txt in CopyFiles */ = {isa = PBXBuildFile; fileRef = FB0EAEDE275DF0500065BEE2 /* lanternfish-spawn-data.txt */; };
		FB0EAEEC275F594B0065BEE2 /* PositionAlign.swift in Sources */ = {isa = PBXBuildFile; fileRef = FB0EAEEB275F594B0065BEE2 /* PositionAlign.swift */; };
		FB0EAEEE275F59740065BEE2 /* PositionAlignTests.swift in Sources */ = {isa = PBXBuildFile; fileRef = FB0EAEED275F59740065BEE2 /* PositionAlignTests.swift */; };
		FB0EAEEF275F59790065BEE2 /* test-horizontal-position-data.txt in Resources */ = {isa = PBXBuildFile; fileRef = FB0EAEE9275F58320065BEE2 /* test-horizontal-position-data.txt */; };
		FB0EAEF0275F59790065BEE2 /* test-horizontal-position-data.txt in Resources */ = {isa = PBXBuildFile; fileRef = FB0EAEE9275F58320065BEE2 /* test-horizontal-position-data.txt */; };
		FB0EAEF1275F597E0065BEE2 /* horizontal-position-data.txt in Resources */ = {isa = PBXBuildFile; fileRef = FB0EAEEA275F58DC0065BEE2 /* horizontal-position-data.txt */; };
		FB0EAEF2275F597F0065BEE2 /* horizontal-position-data.txt in Resources */ = {isa = PBXBuildFile; fileRef = FB0EAEEA275F58DC0065BEE2 /* horizontal-position-data.txt */; };
		FB0EAEF3275F59890065BEE2 /* horizontal-position-data.txt in CopyFiles */ = {isa = PBXBuildFile; fileRef = FB0EAEEA275F58DC0065BEE2 /* horizontal-position-data.txt */; };
		FB0EAEF4275F59890065BEE2 /* test-horizontal-position-data.txt in CopyFiles */ = {isa = PBXBuildFile; fileRef = FB0EAEE9275F58320065BEE2 /* test-horizontal-position-data.txt */; };
		FB0EAEFB2760A92E0065BEE2 /* SevenSegmentSearch.swift in Sources */ = {isa = PBXBuildFile; fileRef = FB0EAEFA2760A92E0065BEE2 /* SevenSegmentSearch.swift */; };
		FB0EAEFD2760B6E10065BEE2 /* SevenSegmentSearchTests.swift in Sources */ = {isa = PBXBuildFile; fileRef = FB0EAEFC2760B6E10065BEE2 /* SevenSegmentSearchTests.swift */; };
		FB0EAEFE2760B7E40065BEE2 /* test-7segment-display-data.txt in Resources */ = {isa = PBXBuildFile; fileRef = FB0EAEF92760A6070065BEE2 /* test-7segment-display-data.txt */; };
		FB0EAEFF2760B7E40065BEE2 /* test-7segment-display-data.txt in Resources */ = {isa = PBXBuildFile; fileRef = FB0EAEF92760A6070065BEE2 /* test-7segment-display-data.txt */; };
		FB0EAF002760B7EA0065BEE2 /* 7segment-display-data.txt in Resources */ = {isa = PBXBuildFile; fileRef = FB0EAEF72760A5010065BEE2 /* 7segment-display-data.txt */; };
		FB0EAF012760B7EA0065BEE2 /* 7segment-display-data.txt in Resources */ = {isa = PBXBuildFile; fileRef = FB0EAEF72760A5010065BEE2 /* 7segment-display-data.txt */; };
		FB0EAF022760B8060065BEE2 /* 7segment-display-data.txt in CopyFiles */ = {isa = PBXBuildFile; fileRef = FB0EAEF72760A5010065BEE2 /* 7segment-display-data.txt */; };
		FB0EAF032760B8060065BEE2 /* test-7segment-display-data.txt in CopyFiles */ = {isa = PBXBuildFile; fileRef = FB0EAEF92760A6070065BEE2 /* test-7segment-display-data.txt */; };
		FB0EAF052760F8C30065BEE2 /* SevenSegmentSearchModels.swift in Sources */ = {isa = PBXBuildFile; fileRef = FB0EAF042760F8C30065BEE2 /* SevenSegmentSearchModels.swift */; };
		FB0EAF0E276293DB0065BEE2 /* SmokeBasin.swift in Sources */ = {isa = PBXBuildFile; fileRef = FB0EAF0D276293DB0065BEE2 /* SmokeBasin.swift */; };
		FB0EAF10276295370065BEE2 /* SmokeBasinModels.swift in Sources */ = {isa = PBXBuildFile; fileRef = FB0EAF0F276295370065BEE2 /* SmokeBasinModels.swift */; };
		FB0EAF13276295410065BEE2 /* test-area-points-data.txt in Resources */ = {isa = PBXBuildFile; fileRef = FB0EAF0B276267480065BEE2 /* test-area-points-data.txt */; };
		FB0EAF14276295420065BEE2 /* test-area-points-data.txt in Resources */ = {isa = PBXBuildFile; fileRef = FB0EAF0B276267480065BEE2 /* test-area-points-data.txt */; };
		FB0EAF152762954E0065BEE2 /* area-points-data.txt in CopyFiles */ = {isa = PBXBuildFile; fileRef = FB0EAF0C276267590065BEE2 /* area-points-data.txt */; };
		FB0EAF162762954E0065BEE2 /* test-area-points-data.txt in CopyFiles */ = {isa = PBXBuildFile; fileRef = FB0EAF0B276267480065BEE2 /* test-area-points-data.txt */; };
		FB0EAF182762AD780065BEE2 /* SmokeBasinTests.swift in Sources */ = {isa = PBXBuildFile; fileRef = FB0EAF172762AD780065BEE2 /* SmokeBasinTests.swift */; };
		FB0EAF192762B42A0065BEE2 /* area-points-data.txt in Resources */ = {isa = PBXBuildFile; fileRef = FB0EAF0C276267590065BEE2 /* area-points-data.txt */; };
		FB0EAF1A2762B42B0065BEE2 /* area-points-data.txt in Resources */ = {isa = PBXBuildFile; fileRef = FB0EAF0C276267590065BEE2 /* area-points-data.txt */; };
		FB0EAF1D2762BA8B0065BEE2 /* Point.swift in Sources */ = {isa = PBXBuildFile; fileRef = FB0EAF1C2762BA8B0065BEE2 /* Point.swift */; };
		FB0EAF2127637D7F0065BEE2 /* SyntaxScoring.swift in Sources */ = {isa = PBXBuildFile; fileRef = FB0EAF2027637D7F0065BEE2 /* SyntaxScoring.swift */; };
		FB0EAF262763F2470065BEE2 /* SyntaxScoringModels.swift in Sources */ = {isa = PBXBuildFile; fileRef = FB0EAF252763F2470065BEE2 /* SyntaxScoringModels.swift */; };
		FB0EAF272763F24B0065BEE2 /* syntax-data.txt in Resources */ = {isa = PBXBuildFile; fileRef = FB0EAF2327637DC60065BEE2 /* syntax-data.txt */; };
		FB0EAF282763F24C0065BEE2 /* syntax-data.txt in Resources */ = {isa = PBXBuildFile; fileRef = FB0EAF2327637DC60065BEE2 /* syntax-data.txt */; };
		FB0EAF292763F2500065BEE2 /* test-syntax-data.txt in Resources */ = {isa = PBXBuildFile; fileRef = FB0EAF2427637DE00065BEE2 /* test-syntax-data.txt */; };
		FB0EAF2A2763F2510065BEE2 /* test-syntax-data.txt in Resources */ = {isa = PBXBuildFile; fileRef = FB0EAF2427637DE00065BEE2 /* test-syntax-data.txt */; };
		FB0EAF2B2763F2630065BEE2 /* syntax-data.txt in CopyFiles */ = {isa = PBXBuildFile; fileRef = FB0EAF2327637DC60065BEE2 /* syntax-data.txt */; };
		FB0EAF2C2763F2630065BEE2 /* test-syntax-data.txt in CopyFiles */ = {isa = PBXBuildFile; fileRef = FB0EAF2427637DE00065BEE2 /* test-syntax-data.txt */; };
		FB0EAF2E2763F9920065BEE2 /* SyntaxScoringTests.swift in Sources */ = {isa = PBXBuildFile; fileRef = FB0EAF2D2763F9920065BEE2 /* SyntaxScoringTests.swift */; };
		FB0EAF3727648DA30065BEE2 /* EnergyLevelCalculator.swift in Sources */ = {isa = PBXBuildFile; fileRef = FB0EAF3627648DA30065BEE2 /* EnergyLevelCalculator.swift */; };
		FB0EAF3927648DC00065BEE2 /* EnergyLevelCalculatorTests.swift in Sources */ = {isa = PBXBuildFile; fileRef = FB0EAF3827648DC00065BEE2 /* EnergyLevelCalculatorTests.swift */; };
		FB0EAF3B27648F780065BEE2 /* EnergyLevelCalculatorModels.swift in Sources */ = {isa = PBXBuildFile; fileRef = FB0EAF3A27648F780065BEE2 /* EnergyLevelCalculatorModels.swift */; };
		FB0EAF3C27648F830065BEE2 /* energy-levels-data.txt in Resources */ = {isa = PBXBuildFile; fileRef = FB0EAF3327648D3A0065BEE2 /* energy-levels-data.txt */; };
		FB0EAF3D27648F840065BEE2 /* energy-levels-data.txt in Resources */ = {isa = PBXBuildFile; fileRef = FB0EAF3327648D3A0065BEE2 /* energy-levels-data.txt */; };
		FB0EAF3E27648F870065BEE2 /* test-energy-levels-data.txt in Resources */ = {isa = PBXBuildFile; fileRef = FB0EAF3527648D580065BEE2 /* test-energy-levels-data.txt */; };
		FB0EAF3F27648F880065BEE2 /* test-energy-levels-data.txt in Resources */ = {isa = PBXBuildFile; fileRef = FB0EAF3527648D580065BEE2 /* test-energy-levels-data.txt */; };
		FB0EAF4027648F920065BEE2 /* energy-levels-data.txt in CopyFiles */ = {isa = PBXBuildFile; fileRef = FB0EAF3327648D3A0065BEE2 /* energy-levels-data.txt */; };
		FB0EAF4127648F920065BEE2 /* test-energy-levels-data.txt in CopyFiles */ = {isa = PBXBuildFile; fileRef = FB0EAF3527648D580065BEE2 /* test-energy-levels-data.txt */; };
		FB0EAF472766A8460065BEE2 /* PassagePathing.swift in Sources */ = {isa = PBXBuildFile; fileRef = FB0EAF462766A8460065BEE2 /* PassagePathing.swift */; };
		FB0EAF4B2766AE410065BEE2 /* cave-path-data.txt in Resources */ = {isa = PBXBuildFile; fileRef = FB0EAF452766A68C0065BEE2 /* cave-path-data.txt */; };
		FB0EAF4C2766AE410065BEE2 /* test10-cave-path-data.txt in Resources */ = {isa = PBXBuildFile; fileRef = FB0EAF492766AD6B0065BEE2 /* test10-cave-path-data.txt */; };
		FB0EAF4D2766AE410065BEE2 /* test19-cave-path-data.txt in Resources */ = {isa = PBXBuildFile; fileRef = FB0EAF4A2766AD8A0065BEE2 /* test19-cave-path-data.txt */; };
		FB0EAF4E2766AE410065BEE2 /* test226-cave-path-data.txt in Resources */ = {isa = PBXBuildFile; fileRef = FB0EAF482766A8D40065BEE2 /* test226-cave-path-data.txt */; };
		FB0EAF4F2766AE420065BEE2 /* cave-path-data.txt in Resources */ = {isa = PBXBuildFile; fileRef = FB0EAF452766A68C0065BEE2 /* cave-path-data.txt */; };
		FB0EAF502766AE420065BEE2 /* test10-cave-path-data.txt in Resources */ = {isa = PBXBuildFile; fileRef = FB0EAF492766AD6B0065BEE2 /* test10-cave-path-data.txt */; };
		FB0EAF512766AE420065BEE2 /* test19-cave-path-data.txt in Resources */ = {isa = PBXBuildFile; fileRef = FB0EAF4A2766AD8A0065BEE2 /* test19-cave-path-data.txt */; };
		FB0EAF522766AE420065BEE2 /* test226-cave-path-data.txt in Resources */ = {isa = PBXBuildFile; fileRef = FB0EAF482766A8D40065BEE2 /* test226-cave-path-data.txt */; };
		FB0EAF532766AE4F0065BEE2 /* cave-path-data.txt in CopyFiles */ = {isa = PBXBuildFile; fileRef = FB0EAF452766A68C0065BEE2 /* cave-path-data.txt */; };
		FB0EAF542766AE4F0065BEE2 /* test10-cave-path-data.txt in CopyFiles */ = {isa = PBXBuildFile; fileRef = FB0EAF492766AD6B0065BEE2 /* test10-cave-path-data.txt */; };
		FB0EAF552766AE4F0065BEE2 /* test19-cave-path-data.txt in CopyFiles */ = {isa = PBXBuildFile; fileRef = FB0EAF4A2766AD8A0065BEE2 /* test19-cave-path-data.txt */; };
		FB0EAF562766AE4F0065BEE2 /* test226-cave-path-data.txt in CopyFiles */ = {isa = PBXBuildFile; fileRef = FB0EAF482766A8D40065BEE2 /* test226-cave-path-data.txt */; };
		FB0EAF582766B1E70065BEE2 /* PassagePathingModels.swift in Sources */ = {isa = PBXBuildFile; fileRef = FB0EAF572766B1E70065BEE2 /* PassagePathingModels.swift */; };
		FB0EAF5A2766CF650065BEE2 /* PassagePathingTests.swift in Sources */ = {isa = PBXBuildFile; fileRef = FB0EAF592766CF650065BEE2 /* PassagePathingTests.swift */; };
/* End PBXBuildFile section */

/* Begin PBXContainerItemProxy section */
		FB0EAE7427581CC10065BEE2 /* PBXContainerItemProxy */ = {
			isa = PBXContainerItemProxy;
			containerPortal = FB0EAE11275787390065BEE2 /* Project object */;
			proxyType = 1;
			remoteGlobalIDString = FB0EAE6827581CC00065BEE2;
			remoteInfo = AOCFramework;
		};
/* End PBXContainerItemProxy section */

/* Begin PBXCopyFilesBuildPhase section */
		FB0EAE17275787390065BEE2 /* CopyFiles */ = {
			isa = PBXCopyFilesBuildPhase;
			buildActionMask = 2147483647;
			dstPath = /usr/share/man/man1/;
			dstSubfolderSpec = 0;
			files = (
				FB0EAF532766AE4F0065BEE2 /* cave-path-data.txt in CopyFiles */,
				FB0EAF542766AE4F0065BEE2 /* test10-cave-path-data.txt in CopyFiles */,
				FB0EAF552766AE4F0065BEE2 /* test19-cave-path-data.txt in CopyFiles */,
				FB0EAF562766AE4F0065BEE2 /* test226-cave-path-data.txt in CopyFiles */,
				FB0EAF4027648F920065BEE2 /* energy-levels-data.txt in CopyFiles */,
				FB0EAF4127648F920065BEE2 /* test-energy-levels-data.txt in CopyFiles */,
				FB0EAF2B2763F2630065BEE2 /* syntax-data.txt in CopyFiles */,
				FB0EAF2C2763F2630065BEE2 /* test-syntax-data.txt in CopyFiles */,
				FB0EAF152762954E0065BEE2 /* area-points-data.txt in CopyFiles */,
				FB0EAF162762954E0065BEE2 /* test-area-points-data.txt in CopyFiles */,
				FB0EAF022760B8060065BEE2 /* 7segment-display-data.txt in CopyFiles */,
				FB0EAF032760B8060065BEE2 /* test-7segment-display-data.txt in CopyFiles */,
				FB0EAEF3275F59890065BEE2 /* horizontal-position-data.txt in CopyFiles */,
				FB0EAEF4275F59890065BEE2 /* test-horizontal-position-data.txt in CopyFiles */,
				FB0EAEE5275E0CF90065BEE2 /* lanternfish-spawn-data.txt in CopyFiles */,
				FB0EAED2275CC52B0065BEE2 /* test-lanternfish-spawn-data.txt in CopyFiles */,
				FB0EAED3275CC52B0065BEE2 /* test-hydrothermal-lines-data.txt in CopyFiles */,
				FB0EAEBD275B73C70065BEE2 /* bingo-data.txt in CopyFiles */,
				FB0EAEBE275B73C70065BEE2 /* test-bingo-data.txt in CopyFiles */,
				FB0EAEB0275A63850065BEE2 /* binary-diagnostic-data.txt in CopyFiles */,
				FB0EAEB1275A63850065BEE2 /* test-binary-diagnostic-data.txt in CopyFiles */,
				FB0EAE9C27593D660065BEE2 /* navigation-data.txt in CopyFiles */,
				FB0EAE9D27593D660065BEE2 /* test-navigation-data.txt in CopyFiles */,
				FB0EAE8727581D8C0065BEE2 /* test-depth-measurements.txt in CopyFiles */,
				FB0EAE422757C5040065BEE2 /* depth-measurements.txt in CopyFiles */,
			);
			runOnlyForDeploymentPostprocessing = 1;
		};
/* End PBXCopyFilesBuildPhase section */

/* Begin PBXFileReference section */
		FB0EAE19275787390065BEE2 /* aoc2021 */ = {isa = PBXFileReference; explicitFileType = "compiled.mach-o.executable"; includeInIndex = 0; path = aoc2021; sourceTree = BUILT_PRODUCTS_DIR; };
		FB0EAE1C275787390065BEE2 /* main.swift */ = {isa = PBXFileReference; lastKnownFileType = sourcecode.swift; path = main.swift; sourceTree = "<group>"; };
		FB0EAE24275787B90065BEE2 /* Day1-SonarSweep.txt */ = {isa = PBXFileReference; lastKnownFileType = text; path = "Day1-SonarSweep.txt"; sourceTree = "<group>"; };
		FB0EAE26275789130065BEE2 /* DepthIncrease.swift */ = {isa = PBXFileReference; lastKnownFileType = sourcecode.swift; path = DepthIncrease.swift; sourceTree = "<group>"; };
		FB0EAE2A2757898C0065BEE2 /* FileReader.swift */ = {isa = PBXFileReference; lastKnownFileType = sourcecode.swift; path = FileReader.swift; sourceTree = "<group>"; };
		FB0EAE2C2757BABC0065BEE2 /* Resources.swift */ = {isa = PBXFileReference; lastKnownFileType = sourcecode.swift; path = Resources.swift; sourceTree = "<group>"; };
		FB0EAE2E2757BD7F0065BEE2 /* StringExtension.swift */ = {isa = PBXFileReference; lastKnownFileType = sourcecode.swift; path = StringExtension.swift; sourceTree = "<group>"; };
		FB0EAE312757C3B90065BEE2 /* test-depth-measurements.txt */ = {isa = PBXFileReference; fileEncoding = 4; lastKnownFileType = text; path = "test-depth-measurements.txt"; sourceTree = "<group>"; };
		FB0EAE322757C4030065BEE2 /* DepthIncreaseTests.swift */ = {isa = PBXFileReference; fileEncoding = 4; lastKnownFileType = sourcecode.swift; path = DepthIncreaseTests.swift; sourceTree = "<group>"; };
		FB0EAE412757C4D80065BEE2 /* depth-measurements.txt */ = {isa = PBXFileReference; fileEncoding = 4; lastKnownFileType = text; path = "depth-measurements.txt"; sourceTree = "<group>"; };
		FB0EAE6927581CC00065BEE2 /* AOCFramework.framework */ = {isa = PBXFileReference; explicitFileType = wrapper.framework; includeInIndex = 0; path = AOCFramework.framework; sourceTree = BUILT_PRODUCTS_DIR; };
		FB0EAE6B27581CC00065BEE2 /* AOCFramework.h */ = {isa = PBXFileReference; lastKnownFileType = sourcecode.c.h; path = AOCFramework.h; sourceTree = "<group>"; };
		FB0EAE6C27581CC00065BEE2 /* AOCFramework.docc */ = {isa = PBXFileReference; lastKnownFileType = folder.documentationcatalog; path = AOCFramework.docc; sourceTree = "<group>"; };
		FB0EAE7227581CC10065BEE2 /* AOCFrameworkTests.xctest */ = {isa = PBXFileReference; explicitFileType = wrapper.cfbundle; includeInIndex = 0; path = AOCFrameworkTests.xctest; sourceTree = BUILT_PRODUCTS_DIR; };
		FB0EAE8C2758251F0065BEE2 /* SlidingWindow.swift */ = {isa = PBXFileReference; lastKnownFileType = sourcecode.swift; path = SlidingWindow.swift; sourceTree = "<group>"; };
		FB0EAE8F2758CD1C0065BEE2 /* DiveNavigation.swift */ = {isa = PBXFileReference; lastKnownFileType = sourcecode.swift; path = DiveNavigation.swift; sourceTree = "<group>"; };
		FB0EAE922758CDEA0065BEE2 /* test-navigation-data.txt */ = {isa = PBXFileReference; lastKnownFileType = text; path = "test-navigation-data.txt"; sourceTree = "<group>"; };
		FB0EAE932758CE270065BEE2 /* navigation-data.txt */ = {isa = PBXFileReference; lastKnownFileType = text; path = "navigation-data.txt"; sourceTree = "<group>"; };
		FB0EAE962758CF8D0065BEE2 /* FormattedFileReader.swift */ = {isa = PBXFileReference; lastKnownFileType = sourcecode.swift; path = FormattedFileReader.swift; sourceTree = "<group>"; };
		FB0EAE982758D6610065BEE2 /* FileColumn.swift */ = {isa = PBXFileReference; lastKnownFileType = sourcecode.swift; path = FileColumn.swift; sourceTree = "<group>"; };
		FB0EAE9A27593B2E0065BEE2 /* DiveNavigationTests.swift */ = {isa = PBXFileReference; lastKnownFileType = sourcecode.swift; path = DiveNavigationTests.swift; sourceTree = "<group>"; };
		FB0EAEA0275A14DB0065BEE2 /* Day2-Dive.txt */ = {isa = PBXFileReference; lastKnownFileType = text; path = "Day2-Dive.txt"; sourceTree = "<group>"; };
		FB0EAEA2275A17440065BEE2 /* Day3-BinaryDiagnostic.txt */ = {isa = PBXFileReference; lastKnownFileType = text; path = "Day3-BinaryDiagnostic.txt"; sourceTree = "<group>"; };
		FB0EAEA3275A179A0065BEE2 /* BinaryDiagnostic.swift */ = {isa = PBXFileReference; lastKnownFileType = sourcecode.swift; path = BinaryDiagnostic.swift; sourceTree = "<group>"; };
		FB0EAEA5275A17D60065BEE2 /* binary-diagnostic-data.txt */ = {isa = PBXFileReference; lastKnownFileType = text; path = "binary-diagnostic-data.txt"; sourceTree = "<group>"; };
		FB0EAEA7275A1EB50065BEE2 /* test-binary-diagnostic-data.txt */ = {isa = PBXFileReference; lastKnownFileType = text; path = "test-binary-diagnostic-data.txt"; sourceTree = "<group>"; };
		FB0EAEA8275A590C0065BEE2 /* BinaryDiagnosticModels.swift */ = {isa = PBXFileReference; lastKnownFileType = sourcecode.swift; path = BinaryDiagnosticModels.swift; sourceTree = "<group>"; };
		FB0EAEAA275A63690065BEE2 /* BinaryDiagnosticTests.swift */ = {isa = PBXFileReference; lastKnownFileType = sourcecode.swift; path = BinaryDiagnosticTests.swift; sourceTree = "<group>"; };
		FB0EAEB4275B73310065BEE2 /* test-bingo-data.txt */ = {isa = PBXFileReference; lastKnownFileType = text; path = "test-bingo-data.txt"; sourceTree = "<group>"; };
		FB0EAEB5275B73520065BEE2 /* bingo-data.txt */ = {isa = PBXFileReference; lastKnownFileType = text; path = "bingo-data.txt"; sourceTree = "<group>"; };
		FB0EAEB6275B736A0065BEE2 /* Day4-GiantSquid.txt */ = {isa = PBXFileReference; lastKnownFileType = text; path = "Day4-GiantSquid.txt"; sourceTree = "<group>"; };
		FB0EAEB7275B73B20065BEE2 /* BingoCalculator.swift */ = {isa = PBXFileReference; lastKnownFileType = sourcecode.swift; path = BingoCalculator.swift; sourceTree = "<group>"; };
		FB0EAEBF275B74EC0065BEE2 /* BingoCalculatorModels.swift */ = {isa = PBXFileReference; lastKnownFileType = sourcecode.swift; path = BingoCalculatorModels.swift; sourceTree = "<group>"; };
		FB0EAEC1275BC0EB0065BEE2 /* BingoFileReader.swift */ = {isa = PBXFileReference; lastKnownFileType = sourcecode.swift; path = BingoFileReader.swift; sourceTree = "<group>"; };
		FB0EAEC5275C1A710065BEE2 /* BingoCalculatorTests.swift */ = {isa = PBXFileReference; lastKnownFileType = sourcecode.swift; path = BingoCalculatorTests.swift; sourceTree = "<group>"; };
		FB0EAECA275CC41B0065BEE2 /* Day5-HydrothermalVenture.txt */ = {isa = PBXFileReference; lastKnownFileType = text; path = "Day5-HydrothermalVenture.txt"; sourceTree = "<group>"; };
		FB0EAECC275CC4E40065BEE2 /* test-lanternfish-spawn-data.txt */ = {isa = PBXFileReference; lastKnownFileType = text; path = "test-lanternfish-spawn-data.txt"; sourceTree = "<group>"; };
		FB0EAECD275CC5070065BEE2 /* test-hydrothermal-lines-data.txt */ = {isa = PBXFileReference; lastKnownFileType = text; path = "test-hydrothermal-lines-data.txt"; sourceTree = "<group>"; };
		FB0EAED4275CC5850065BEE2 /* HydrothermalDanger.swift */ = {isa = PBXFileReference; lastKnownFileType = sourcecode.swift; path = HydrothermalDanger.swift; sourceTree = "<group>"; };
		FB0EAED6275CC5AB0065BEE2 /* HydrothermalDangerTests.swift */ = {isa = PBXFileReference; lastKnownFileType = sourcecode.swift; path = HydrothermalDangerTests.swift; sourceTree = "<group>"; };
		FB0EAED8275D71AD0065BEE2 /* HydrothermalDangerModels.swift */ = {isa = PBXFileReference; lastKnownFileType = sourcecode.swift; path = HydrothermalDangerModels.swift; sourceTree = "<group>"; };
		FB0EAEDC275DEF320065BEE2 /* Day6-Lanternfish.txt */ = {isa = PBXFileReference; lastKnownFileType = text; path = "Day6-Lanternfish.txt"; sourceTree = "<group>"; };
		FB0EAEDE275DF0500065BEE2 /* lanternfish-spawn-data.txt */ = {isa = PBXFileReference; lastKnownFileType = text; path = "lanternfish-spawn-data.txt"; sourceTree = "<group>"; };
		FB0EAEDF275DF1540065BEE2 /* LanternFish.swift */ = {isa = PBXFileReference; lastKnownFileType = sourcecode.swift; path = LanternFish.swift; sourceTree = "<group>"; };
		FB0EAEE1275E09A40065BEE2 /* LanternFishTests.swift */ = {isa = PBXFileReference; lastKnownFileType = sourcecode.swift; path = LanternFishTests.swift; sourceTree = "<group>"; };
		FB0EAEE7275F57E80065BEE2 /* Day7-TheTreacheryOfWhales.txt */ = {isa = PBXFileReference; lastKnownFileType = text; path = "Day7-TheTreacheryOfWhales.txt"; sourceTree = "<group>"; };
		FB0EAEE9275F58320065BEE2 /* test-horizontal-position-data.txt */ = {isa = PBXFileReference; lastKnownFileType = text; path = "test-horizontal-position-data.txt"; sourceTree = "<group>"; };
		FB0EAEEA275F58DC0065BEE2 /* horizontal-position-data.txt */ = {isa = PBXFileReference; lastKnownFileType = text; path = "horizontal-position-data.txt"; sourceTree = "<group>"; };
		FB0EAEEB275F594B0065BEE2 /* PositionAlign.swift */ = {isa = PBXFileReference; lastKnownFileType = sourcecode.swift; path = PositionAlign.swift; sourceTree = "<group>"; };
		FB0EAEED275F59740065BEE2 /* PositionAlignTests.swift */ = {isa = PBXFileReference; lastKnownFileType = sourcecode.swift; path = PositionAlignTests.swift; sourceTree = "<group>"; };
		FB0EAEF62760A2230065BEE2 /* Day8-SevenSegmentSearch.txt */ = {isa = PBXFileReference; lastKnownFileType = text; path = "Day8-SevenSegmentSearch.txt"; sourceTree = "<group>"; };
		FB0EAEF72760A5010065BEE2 /* 7segment-display-data.txt */ = {isa = PBXFileReference; lastKnownFileType = text; path = "7segment-display-data.txt"; sourceTree = "<group>"; };
		FB0EAEF92760A6070065BEE2 /* test-7segment-display-data.txt */ = {isa = PBXFileReference; lastKnownFileType = text; path = "test-7segment-display-data.txt"; sourceTree = "<group>"; };
		FB0EAEFA2760A92E0065BEE2 /* SevenSegmentSearch.swift */ = {isa = PBXFileReference; lastKnownFileType = sourcecode.swift; path = SevenSegmentSearch.swift; sourceTree = "<group>"; };
		FB0EAEFC2760B6E10065BEE2 /* SevenSegmentSearchTests.swift */ = {isa = PBXFileReference; lastKnownFileType = sourcecode.swift; path = SevenSegmentSearchTests.swift; sourceTree = "<group>"; };
		FB0EAF042760F8C30065BEE2 /* SevenSegmentSearchModels.swift */ = {isa = PBXFileReference; lastKnownFileType = sourcecode.swift; path = SevenSegmentSearchModels.swift; sourceTree = "<group>"; };
		FB0EAF082762672F0065BEE2 /* Day9-SmokeBasin.txt */ = {isa = PBXFileReference; lastKnownFileType = text; path = "Day9-SmokeBasin.txt"; sourceTree = "<group>"; };
		FB0EAF0B276267480065BEE2 /* test-area-points-data.txt */ = {isa = PBXFileReference; lastKnownFileType = text; path = "test-area-points-data.txt"; sourceTree = "<group>"; };
		FB0EAF0C276267590065BEE2 /* area-points-data.txt */ = {isa = PBXFileReference; lastKnownFileType = text; path = "area-points-data.txt"; sourceTree = "<group>"; };
		FB0EAF0D276293DB0065BEE2 /* SmokeBasin.swift */ = {isa = PBXFileReference; lastKnownFileType = sourcecode.swift; path = SmokeBasin.swift; sourceTree = "<group>"; };
		FB0EAF0F276295370065BEE2 /* SmokeBasinModels.swift */ = {isa = PBXFileReference; lastKnownFileType = sourcecode.swift; path = SmokeBasinModels.swift; sourceTree = "<group>"; };
		FB0EAF172762AD780065BEE2 /* SmokeBasinTests.swift */ = {isa = PBXFileReference; lastKnownFileType = sourcecode.swift; path = SmokeBasinTests.swift; sourceTree = "<group>"; };
		FB0EAF1C2762BA8B0065BEE2 /* Point.swift */ = {isa = PBXFileReference; lastKnownFileType = sourcecode.swift; path = Point.swift; sourceTree = "<group>"; };
		FB0EAF1F27637D4C0065BEE2 /* Day10-SyntaxScoring.txt */ = {isa = PBXFileReference; lastKnownFileType = text; path = "Day10-SyntaxScoring.txt"; sourceTree = "<group>"; };
		FB0EAF2027637D7F0065BEE2 /* SyntaxScoring.swift */ = {isa = PBXFileReference; lastKnownFileType = sourcecode.swift; path = SyntaxScoring.swift; sourceTree = "<group>"; };
		FB0EAF2327637DC60065BEE2 /* syntax-data.txt */ = {isa = PBXFileReference; lastKnownFileType = text; path = "syntax-data.txt"; sourceTree = "<group>"; };
		FB0EAF2427637DE00065BEE2 /* test-syntax-data.txt */ = {isa = PBXFileReference; lastKnownFileType = text; path = "test-syntax-data.txt"; sourceTree = "<group>"; };
		FB0EAF252763F2470065BEE2 /* SyntaxScoringModels.swift */ = {isa = PBXFileReference; lastKnownFileType = sourcecode.swift; path = SyntaxScoringModels.swift; sourceTree = "<group>"; };
		FB0EAF2D2763F9920065BEE2 /* SyntaxScoringTests.swift */ = {isa = PBXFileReference; lastKnownFileType = sourcecode.swift; path = SyntaxScoringTests.swift; sourceTree = "<group>"; };
		FB0EAF3227648B980065BEE2 /* Day11-DumboOctopus.txt */ = {isa = PBXFileReference; lastKnownFileType = text; path = "Day11-DumboOctopus.txt"; sourceTree = "<group>"; };
		FB0EAF3327648D3A0065BEE2 /* energy-levels-data.txt */ = {isa = PBXFileReference; lastKnownFileType = text; path = "energy-levels-data.txt"; sourceTree = "<group>"; };
		FB0EAF3527648D580065BEE2 /* test-energy-levels-data.txt */ = {isa = PBXFileReference; lastKnownFileType = text; path = "test-energy-levels-data.txt"; sourceTree = "<group>"; };
		FB0EAF3627648DA30065BEE2 /* EnergyLevelCalculator.swift */ = {isa = PBXFileReference; lastKnownFileType = sourcecode.swift; path = EnergyLevelCalculator.swift; sourceTree = "<group>"; };
		FB0EAF3827648DC00065BEE2 /* EnergyLevelCalculatorTests.swift */ = {isa = PBXFileReference; lastKnownFileType = sourcecode.swift; path = EnergyLevelCalculatorTests.swift; sourceTree = "<group>"; };
		FB0EAF3A27648F780065BEE2 /* EnergyLevelCalculatorModels.swift */ = {isa = PBXFileReference; lastKnownFileType = sourcecode.swift; path = EnergyLevelCalculatorModels.swift; sourceTree = "<group>"; };
		FB0EAF432766A5230065BEE2 /* Day12-PassagePathing.txt */ = {isa = PBXFileReference; lastKnownFileType = text; path = "Day12-PassagePathing.txt"; sourceTree = "<group>"; };
		FB0EAF452766A68C0065BEE2 /* cave-path-data.txt */ = {isa = PBXFileReference; lastKnownFileType = text; path = "cave-path-data.txt"; sourceTree = "<group>"; };
		FB0EAF462766A8460065BEE2 /* PassagePathing.swift */ = {isa = PBXFileReference; lastKnownFileType = sourcecode.swift; path = PassagePathing.swift; sourceTree = "<group>"; };
		FB0EAF482766A8D40065BEE2 /* test226-cave-path-data.txt */ = {isa = PBXFileReference; lastKnownFileType = text; path = "test226-cave-path-data.txt"; sourceTree = "<group>"; };
		FB0EAF492766AD6B0065BEE2 /* test10-cave-path-data.txt */ = {isa = PBXFileReference; lastKnownFileType = text; path = "test10-cave-path-data.txt"; sourceTree = "<group>"; };
		FB0EAF4A2766AD8A0065BEE2 /* test19-cave-path-data.txt */ = {isa = PBXFileReference; lastKnownFileType = text; path = "test19-cave-path-data.txt"; sourceTree = "<group>"; };
		FB0EAF572766B1E70065BEE2 /* PassagePathingModels.swift */ = {isa = PBXFileReference; lastKnownFileType = sourcecode.swift; path = PassagePathingModels.swift; sourceTree = "<group>"; };
		FB0EAF592766CF650065BEE2 /* PassagePathingTests.swift */ = {isa = PBXFileReference; lastKnownFileType = sourcecode.swift; path = PassagePathingTests.swift; sourceTree = "<group>"; };
/* End PBXFileReference section */

/* Begin PBXFrameworksBuildPhase section */
		FB0EAE16275787390065BEE2 /* Frameworks */ = {
			isa = PBXFrameworksBuildPhase;
			buildActionMask = 2147483647;
			files = (
				FB0EAE8B2758223B0065BEE2 /* AOCFramework.framework in Frameworks */,
			);
			runOnlyForDeploymentPostprocessing = 0;
		};
		FB0EAE6627581CC00065BEE2 /* Frameworks */ = {
			isa = PBXFrameworksBuildPhase;
			buildActionMask = 2147483647;
			files = (
			);
			runOnlyForDeploymentPostprocessing = 0;
		};
		FB0EAE6F27581CC10065BEE2 /* Frameworks */ = {
			isa = PBXFrameworksBuildPhase;
			buildActionMask = 2147483647;
			files = (
				FB0EAE7327581CC10065BEE2 /* AOCFramework.framework in Frameworks */,
			);
			runOnlyForDeploymentPostprocessing = 0;
		};
/* End PBXFrameworksBuildPhase section */

/* Begin PBXGroup section */
		FB0EAE10275787390065BEE2 = {
			isa = PBXGroup;
			children = (
				FB0EAE1B275787390065BEE2 /* aoc2021 */,
				FB0EAE1C275787390065BEE2 /* main.swift */,
				FB0EAE6A27581CC00065BEE2 /* AOCFramework */,
				FB0EAE1A275787390065BEE2 /* Products */,
				FB0EAE8A2758223B0065BEE2 /* Frameworks */,
			);
			sourceTree = "<group>";
		};
		FB0EAE1A275787390065BEE2 /* Products */ = {
			isa = PBXGroup;
			children = (
				FB0EAE19275787390065BEE2 /* aoc2021 */,
				FB0EAE6927581CC00065BEE2 /* AOCFramework.framework */,
				FB0EAE7227581CC10065BEE2 /* AOCFrameworkTests.xctest */,
			);
			name = Products;
			sourceTree = "<group>";
		};
		FB0EAE1B275787390065BEE2 /* aoc2021 */ = {
			isa = PBXGroup;
			children = (
				FB0EAE29275789720065BEE2 /* Helpers */,
				FB0EAE23275787530065BEE2 /* Day1-SonarSweep */,
				FB0EAE8E2758CCD80065BEE2 /* Day2-Dive */,
				FB0EAEA1275A171F0065BEE2 /* Day3-BinaryDiagnostic */,
				FB0EAEB2275B71AD0065BEE2 /* Day4-GiantSquid */,
				FB0EAEC9275CC3FD0065BEE2 /* Day5-HydrothermalVenture */,
				FB0EAEDA275DEF1B0065BEE2 /* Day6-Lanternfish */,
				FB0EAEE6275F57A10065BEE2 /* Day7-TheTreacheryOfWhales */,
				FB0EAEF52760A1E10065BEE2 /* Day8-SevenSegmentSearch */,
				FB0EAF07276267210065BEE2 /* Day9-SmokeBasin */,
				FB0EAF1E27635B9E0065BEE2 /* Day10-SyntaxScoring */,
				FB0EAF3127648B0C0065BEE2 /* Day11-DumboOctopus */,
				FB0EAF422766A4F10065BEE2 /* Day12-PassagePathing */,
			);
			path = aoc2021;
			sourceTree = "<group>";
		};
		FB0EAE23275787530065BEE2 /* Day1-SonarSweep */ = {
			isa = PBXGroup;
			children = (
				FB0EAE24275787B90065BEE2 /* Day1-SonarSweep.txt */,
				FB0EAE26275789130065BEE2 /* DepthIncrease.swift */,
				FB0EAE412757C4D80065BEE2 /* depth-measurements.txt */,
				FB0EAE302757C3AE0065BEE2 /* Test */,
			);
			path = "Day1-SonarSweep";
			sourceTree = "<group>";
		};
		FB0EAE29275789720065BEE2 /* Helpers */ = {
			isa = PBXGroup;
			children = (
				FB0EAF1B2762BA730065BEE2 /* CommonModels */,
				FB0EAE2A2757898C0065BEE2 /* FileReader.swift */,
				FB0EAE2C2757BABC0065BEE2 /* Resources.swift */,
				FB0EAE2E2757BD7F0065BEE2 /* StringExtension.swift */,
				FB0EAE8C2758251F0065BEE2 /* SlidingWindow.swift */,
				FB0EAE962758CF8D0065BEE2 /* FormattedFileReader.swift */,
				FB0EAE982758D6610065BEE2 /* FileColumn.swift */,
			);
			path = Helpers;
			sourceTree = "<group>";
		};
		FB0EAE302757C3AE0065BEE2 /* Test */ = {
			isa = PBXGroup;
			children = (
				FB0EAE312757C3B90065BEE2 /* test-depth-measurements.txt */,
				FB0EAE322757C4030065BEE2 /* DepthIncreaseTests.swift */,
			);
			path = Test;
			sourceTree = "<group>";
		};
		FB0EAE6A27581CC00065BEE2 /* AOCFramework */ = {
			isa = PBXGroup;
			children = (
				FB0EAE6B27581CC00065BEE2 /* AOCFramework.h */,
				FB0EAE6C27581CC00065BEE2 /* AOCFramework.docc */,
			);
			path = AOCFramework;
			sourceTree = "<group>";
		};
		FB0EAE8A2758223B0065BEE2 /* Frameworks */ = {
			isa = PBXGroup;
			children = (
			);
			name = Frameworks;
			sourceTree = "<group>";
		};
		FB0EAE8E2758CCD80065BEE2 /* Day2-Dive */ = {
			isa = PBXGroup;
			children = (
				FB0EAEA0275A14DB0065BEE2 /* Day2-Dive.txt */,
				FB0EAE8F2758CD1C0065BEE2 /* DiveNavigation.swift */,
				FB0EAE932758CE270065BEE2 /* navigation-data.txt */,
				FB0EAE912758CDDC0065BEE2 /* Test */,
			);
			path = "Day2-Dive";
			sourceTree = "<group>";
		};
		FB0EAE912758CDDC0065BEE2 /* Test */ = {
			isa = PBXGroup;
			children = (
				FB0EAE922758CDEA0065BEE2 /* test-navigation-data.txt */,
				FB0EAE9A27593B2E0065BEE2 /* DiveNavigationTests.swift */,
			);
			path = Test;
			sourceTree = "<group>";
		};
		FB0EAEA1275A171F0065BEE2 /* Day3-BinaryDiagnostic */ = {
			isa = PBXGroup;
			children = (
				FB0EAEA2275A17440065BEE2 /* Day3-BinaryDiagnostic.txt */,
				FB0EAEA8275A590C0065BEE2 /* BinaryDiagnosticModels.swift */,
				FB0EAEA3275A179A0065BEE2 /* BinaryDiagnostic.swift */,
				FB0EAEA5275A17D60065BEE2 /* binary-diagnostic-data.txt */,
				FB0EAEA6275A1EA80065BEE2 /* Test */,
			);
			path = "Day3-BinaryDiagnostic";
			sourceTree = "<group>";
		};
		FB0EAEA6275A1EA80065BEE2 /* Test */ = {
			isa = PBXGroup;
			children = (
				FB0EAEA7275A1EB50065BEE2 /* test-binary-diagnostic-data.txt */,
				FB0EAEAA275A63690065BEE2 /* BinaryDiagnosticTests.swift */,
			);
			path = Test;
			sourceTree = "<group>";
		};
		FB0EAEB2275B71AD0065BEE2 /* Day4-GiantSquid */ = {
			isa = PBXGroup;
			children = (
				FB0EAEB6275B736A0065BEE2 /* Day4-GiantSquid.txt */,
				FB0EAEBF275B74EC0065BEE2 /* BingoCalculatorModels.swift */,
				FB0EAEC1275BC0EB0065BEE2 /* BingoFileReader.swift */,
				FB0EAEB7275B73B20065BEE2 /* BingoCalculator.swift */,
				FB0EAEB5275B73520065BEE2 /* bingo-data.txt */,
				FB0EAEB3275B71C20065BEE2 /* Test */,
			);
			path = "Day4-GiantSquid";
			sourceTree = "<group>";
		};
		FB0EAEB3275B71C20065BEE2 /* Test */ = {
			isa = PBXGroup;
			children = (
				FB0EAEB4275B73310065BEE2 /* test-bingo-data.txt */,
				FB0EAEC5275C1A710065BEE2 /* BingoCalculatorTests.swift */,
			);
			path = Test;
			sourceTree = "<group>";
		};
		FB0EAEC9275CC3FD0065BEE2 /* Day5-HydrothermalVenture */ = {
			isa = PBXGroup;
			children = (
				FB0EAECA275CC41B0065BEE2 /* Day5-HydrothermalVenture.txt */,
				FB0EAED8275D71AD0065BEE2 /* HydrothermalDangerModels.swift */,
				FB0EAED4275CC5850065BEE2 /* HydrothermalDanger.swift */,
				FB0EAECB275CC4220065BEE2 /* Test */,
			);
			path = "Day5-HydrothermalVenture";
			sourceTree = "<group>";
		};
		FB0EAECB275CC4220065BEE2 /* Test */ = {
			isa = PBXGroup;
			children = (
				FB0EAECD275CC5070065BEE2 /* test-hydrothermal-lines-data.txt */,
				FB0EAED6275CC5AB0065BEE2 /* HydrothermalDangerTests.swift */,
			);
			path = Test;
			sourceTree = "<group>";
		};
		FB0EAEDA275DEF1B0065BEE2 /* Day6-Lanternfish */ = {
			isa = PBXGroup;
			children = (
				FB0EAEDC275DEF320065BEE2 /* Day6-Lanternfish.txt */,
				FB0EAEDF275DF1540065BEE2 /* LanternFish.swift */,
				FB0EAEDE275DF0500065BEE2 /* lanternfish-spawn-data.txt */,
				FB0EAEDD275DEF4E0065BEE2 /* Test */,
			);
			path = "Day6-Lanternfish";
			sourceTree = "<group>";
		};
		FB0EAEDD275DEF4E0065BEE2 /* Test */ = {
			isa = PBXGroup;
			children = (
				FB0EAECC275CC4E40065BEE2 /* test-lanternfish-spawn-data.txt */,
				FB0EAEE1275E09A40065BEE2 /* LanternFishTests.swift */,
			);
			path = Test;
			sourceTree = "<group>";
		};
		FB0EAEE6275F57A10065BEE2 /* Day7-TheTreacheryOfWhales */ = {
			isa = PBXGroup;
			children = (
				FB0EAEE7275F57E80065BEE2 /* Day7-TheTreacheryOfWhales.txt */,
				FB0EAEEB275F594B0065BEE2 /* PositionAlign.swift */,
				FB0EAEEA275F58DC0065BEE2 /* horizontal-position-data.txt */,
				FB0EAEE8275F58290065BEE2 /* Test */,
			);
			path = "Day7-TheTreacheryOfWhales";
			sourceTree = "<group>";
		};
		FB0EAEE8275F58290065BEE2 /* Test */ = {
			isa = PBXGroup;
			children = (
				FB0EAEE9275F58320065BEE2 /* test-horizontal-position-data.txt */,
				FB0EAEED275F59740065BEE2 /* PositionAlignTests.swift */,
			);
			path = Test;
			sourceTree = "<group>";
		};
		FB0EAEF52760A1E10065BEE2 /* Day8-SevenSegmentSearch */ = {
			isa = PBXGroup;
			children = (
				FB0EAEF62760A2230065BEE2 /* Day8-SevenSegmentSearch.txt */,
				FB0EAEFA2760A92E0065BEE2 /* SevenSegmentSearch.swift */,
				FB0EAF042760F8C30065BEE2 /* SevenSegmentSearchModels.swift */,
				FB0EAEF72760A5010065BEE2 /* 7segment-display-data.txt */,
				FB0EAEF82760A6010065BEE2 /* Test */,
			);
			path = "Day8-SevenSegmentSearch";
			sourceTree = "<group>";
		};
		FB0EAEF82760A6010065BEE2 /* Test */ = {
			isa = PBXGroup;
			children = (
				FB0EAEF92760A6070065BEE2 /* test-7segment-display-data.txt */,
				FB0EAEFC2760B6E10065BEE2 /* SevenSegmentSearchTests.swift */,
			);
			path = Test;
			sourceTree = "<group>";
		};
		FB0EAF07276267210065BEE2 /* Day9-SmokeBasin */ = {
			isa = PBXGroup;
			children = (
				FB0EAF082762672F0065BEE2 /* Day9-SmokeBasin.txt */,
				FB0EAF0F276295370065BEE2 /* SmokeBasinModels.swift */,
				FB0EAF0D276293DB0065BEE2 /* SmokeBasin.swift */,
				FB0EAF0C276267590065BEE2 /* area-points-data.txt */,
				FB0EAF09276267470065BEE2 /* Test */,
			);
			path = "Day9-SmokeBasin";
			sourceTree = "<group>";
		};
		FB0EAF09276267470065BEE2 /* Test */ = {
			isa = PBXGroup;
			children = (
				FB0EAF0B276267480065BEE2 /* test-area-points-data.txt */,
				FB0EAF172762AD780065BEE2 /* SmokeBasinTests.swift */,
			);
			path = Test;
			sourceTree = "<group>";
		};
		FB0EAF1B2762BA730065BEE2 /* CommonModels */ = {
			isa = PBXGroup;
			children = (
				FB0EAF1C2762BA8B0065BEE2 /* Point.swift */,
			);
			path = CommonModels;
			sourceTree = "<group>";
		};
		FB0EAF1E27635B9E0065BEE2 /* Day10-SyntaxScoring */ = {
			isa = PBXGroup;
			children = (
				FB0EAF1F27637D4C0065BEE2 /* Day10-SyntaxScoring.txt */,
				FB0EAF252763F2470065BEE2 /* SyntaxScoringModels.swift */,
				FB0EAF2027637D7F0065BEE2 /* SyntaxScoring.swift */,
				FB0EAF2327637DC60065BEE2 /* syntax-data.txt */,
				FB0EAF2227637D880065BEE2 /* Test */,
			);
			path = "Day10-SyntaxScoring";
			sourceTree = "<group>";
		};
		FB0EAF2227637D880065BEE2 /* Test */ = {
			isa = PBXGroup;
			children = (
				FB0EAF2427637DE00065BEE2 /* test-syntax-data.txt */,
				FB0EAF2D2763F9920065BEE2 /* SyntaxScoringTests.swift */,
			);
			path = Test;
			sourceTree = "<group>";
		};
		FB0EAF3127648B0C0065BEE2 /* Day11-DumboOctopus */ = {
			isa = PBXGroup;
			children = (
				FB0EAF3227648B980065BEE2 /* Day11-DumboOctopus.txt */,
				FB0EAF3A27648F780065BEE2 /* EnergyLevelCalculatorModels.swift */,
				FB0EAF3627648DA30065BEE2 /* EnergyLevelCalculator.swift */,
				FB0EAF3327648D3A0065BEE2 /* energy-levels-data.txt */,
				FB0EAF3427648D540065BEE2 /* Test */,
			);
			path = "Day11-DumboOctopus";
			sourceTree = "<group>";
		};
		FB0EAF3427648D540065BEE2 /* Test */ = {
			isa = PBXGroup;
			children = (
				FB0EAF3527648D580065BEE2 /* test-energy-levels-data.txt */,
				FB0EAF3827648DC00065BEE2 /* EnergyLevelCalculatorTests.swift */,
			);
			path = Test;
			sourceTree = "<group>";
		};
		FB0EAF422766A4F10065BEE2 /* Day12-PassagePathing */ = {
			isa = PBXGroup;
			children = (
				FB0EAF432766A5230065BEE2 /* Day12-PassagePathing.txt */,
				FB0EAF572766B1E70065BEE2 /* PassagePathingModels.swift */,
				FB0EAF462766A8460065BEE2 /* PassagePathing.swift */,
				FB0EAF452766A68C0065BEE2 /* cave-path-data.txt */,
				FB0EAF442766A5640065BEE2 /* Test */,
			);
			path = "Day12-PassagePathing";
			sourceTree = "<group>";
		};
		FB0EAF442766A5640065BEE2 /* Test */ = {
			isa = PBXGroup;
			children = (
				FB0EAF492766AD6B0065BEE2 /* test10-cave-path-data.txt */,
				FB0EAF4A2766AD8A0065BEE2 /* test19-cave-path-data.txt */,
				FB0EAF482766A8D40065BEE2 /* test226-cave-path-data.txt */,
				FB0EAF592766CF650065BEE2 /* PassagePathingTests.swift */,
			);
			path = Test;
			sourceTree = "<group>";
		};
/* End PBXGroup section */

/* Begin PBXHeadersBuildPhase section */
		FB0EAE6427581CC00065BEE2 /* Headers */ = {
			isa = PBXHeadersBuildPhase;
			buildActionMask = 2147483647;
			files = (
				FB0EAE7927581CC10065BEE2 /* AOCFramework.h in Headers */,
			);
			runOnlyForDeploymentPostprocessing = 0;
		};
/* End PBXHeadersBuildPhase section */

/* Begin PBXNativeTarget section */
		FB0EAE18275787390065BEE2 /* aoc2021 */ = {
			isa = PBXNativeTarget;
			buildConfigurationList = FB0EAE20275787390065BEE2 /* Build configuration list for PBXNativeTarget "aoc2021" */;
			buildPhases = (
				FB0EAE15275787390065BEE2 /* Sources */,
				FB0EAE16275787390065BEE2 /* Frameworks */,
				FB0EAE17275787390065BEE2 /* CopyFiles */,
			);
			buildRules = (
			);
			dependencies = (
			);
			name = aoc2021;
			productName = "aoc-2021";
			productReference = FB0EAE19275787390065BEE2 /* aoc2021 */;
			productType = "com.apple.product-type.tool";
		};
		FB0EAE6827581CC00065BEE2 /* AOCFramework */ = {
			isa = PBXNativeTarget;
			buildConfigurationList = FB0EAE7A27581CC10065BEE2 /* Build configuration list for PBXNativeTarget "AOCFramework" */;
			buildPhases = (
				FB0EAE6427581CC00065BEE2 /* Headers */,
				FB0EAE6527581CC00065BEE2 /* Sources */,
				FB0EAE6627581CC00065BEE2 /* Frameworks */,
				FB0EAE6727581CC00065BEE2 /* Resources */,
			);
			buildRules = (
			);
			dependencies = (
			);
			name = AOCFramework;
			productName = AOCFramework;
			productReference = FB0EAE6927581CC00065BEE2 /* AOCFramework.framework */;
			productType = "com.apple.product-type.framework";
		};
		FB0EAE7127581CC10065BEE2 /* AOCFrameworkTests */ = {
			isa = PBXNativeTarget;
			buildConfigurationList = FB0EAE7D27581CC10065BEE2 /* Build configuration list for PBXNativeTarget "AOCFrameworkTests" */;
			buildPhases = (
				FB0EAE6E27581CC10065BEE2 /* Sources */,
				FB0EAE6F27581CC10065BEE2 /* Frameworks */,
				FB0EAE7027581CC10065BEE2 /* Resources */,
			);
			buildRules = (
			);
			dependencies = (
				FB0EAE7527581CC10065BEE2 /* PBXTargetDependency */,
			);
			name = AOCFrameworkTests;
			productName = AOCFrameworkTests;
			productReference = FB0EAE7227581CC10065BEE2 /* AOCFrameworkTests.xctest */;
			productType = "com.apple.product-type.bundle.unit-test";
		};
/* End PBXNativeTarget section */

/* Begin PBXProject section */
		FB0EAE11275787390065BEE2 /* Project object */ = {
			isa = PBXProject;
			attributes = {
				BuildIndependentTargetsInParallel = 1;
				LastSwiftUpdateCheck = 1310;
				LastUpgradeCheck = 1310;
				TargetAttributes = {
					FB0EAE18275787390065BEE2 = {
						CreatedOnToolsVersion = 13.1;
					};
					FB0EAE6827581CC00065BEE2 = {
						CreatedOnToolsVersion = 13.1;
					};
					FB0EAE7127581CC10065BEE2 = {
						CreatedOnToolsVersion = 13.1;
					};
				};
			};
			buildConfigurationList = FB0EAE14275787390065BEE2 /* Build configuration list for PBXProject "aoc2021" */;
			compatibilityVersion = "Xcode 13.0";
			developmentRegion = en;
			hasScannedForEncodings = 0;
			knownRegions = (
				en,
				Base,
			);
			mainGroup = FB0EAE10275787390065BEE2;
			productRefGroup = FB0EAE1A275787390065BEE2 /* Products */;
			projectDirPath = "";
			projectRoot = "";
			targets = (
				FB0EAE18275787390065BEE2 /* aoc2021 */,
				FB0EAE6827581CC00065BEE2 /* AOCFramework */,
				FB0EAE7127581CC10065BEE2 /* AOCFrameworkTests */,
			);
		};
/* End PBXProject section */

/* Begin PBXResourcesBuildPhase section */
		FB0EAE6727581CC00065BEE2 /* Resources */ = {
			isa = PBXResourcesBuildPhase;
			buildActionMask = 2147483647;
			files = (
				FB0EAF14276295420065BEE2 /* test-area-points-data.txt in Resources */,
				FB0EAE9E27593E680065BEE2 /* navigation-data.txt in Resources */,
				FB0EAE8127581CF40065BEE2 /* depth-measurements.txt in Resources */,
				FB0EAEFF2760B7E40065BEE2 /* test-7segment-display-data.txt in Resources */,
				FB0EAEAF275A63760065BEE2 /* binary-diagnostic-data.txt in Resources */,
				FB0EAED0275CC5200065BEE2 /* test-lanternfish-spawn-data.txt in Resources */,
				FB0EAEAC275A636F0065BEE2 /* test-binary-diagnostic-data.txt in Resources */,
				FB0EAF3F27648F880065BEE2 /* test-energy-levels-data.txt in Resources */,
				FB0EAEBC275B73BB0065BEE2 /* test-bingo-data.txt in Resources */,
				FB0EAF512766AE420065BEE2 /* test19-cave-path-data.txt in Resources */,
				FB0EAE8927581FE40065BEE2 /* test-depth-measurements.txt in Resources */,
				FB0EAF2A2763F2510065BEE2 /* test-syntax-data.txt in Resources */,
				FB0EAEF2275F597F0065BEE2 /* horizontal-position-data.txt in Resources */,
				FB0EAEF0275F59790065BEE2 /* test-horizontal-position-data.txt in Resources */,
				FB0EAF502766AE420065BEE2 /* test10-cave-path-data.txt in Resources */,
				FB0EAF522766AE420065BEE2 /* test226-cave-path-data.txt in Resources */,
				FB0EAEC7275C214B0065BEE2 /* bingo-data.txt in Resources */,
				FB0EAF4F2766AE420065BEE2 /* cave-path-data.txt in Resources */,
				FB0EAF1A2762B42B0065BEE2 /* area-points-data.txt in Resources */,
				FB0EAF3D27648F840065BEE2 /* energy-levels-data.txt in Resources */,
				FB0EAF012760B7EA0065BEE2 /* 7segment-display-data.txt in Resources */,
				FB0EAE952758CE7F0065BEE2 /* test-navigation-data.txt in Resources */,
				FB0EAECF275CC51D0065BEE2 /* test-hydrothermal-lines-data.txt in Resources */,
				FB0EAF282763F24C0065BEE2 /* syntax-data.txt in Resources */,
				FB0EAEBA275B73B70065BEE2 /* Day4-GiantSquid.txt in Resources */,
				FB0EAEE4275E0CD20065BEE2 /* lanternfish-spawn-data.txt in Resources */,
			);
			runOnlyForDeploymentPostprocessing = 0;
		};
		FB0EAE7027581CC10065BEE2 /* Resources */ = {
			isa = PBXResourcesBuildPhase;
			buildActionMask = 2147483647;
			files = (
				FB0EAEAD275A636F0065BEE2 /* test-binary-diagnostic-data.txt in Resources */,
				FB0EAF4E2766AE410065BEE2 /* test226-cave-path-data.txt in Resources */,
				FB0EAF13276295410065BEE2 /* test-area-points-data.txt in Resources */,
				FB0EAF4B2766AE410065BEE2 /* cave-path-data.txt in Resources */,
				FB0EAEB9275B73B70065BEE2 /* Day4-GiantSquid.txt in Resources */,
				FB0EAEC8275C214C0065BEE2 /* bingo-data.txt in Resources */,
				FB0EAEF1275F597E0065BEE2 /* horizontal-position-data.txt in Resources */,
				FB0EAF3C27648F830065BEE2 /* energy-levels-data.txt in Resources */,
				FB0EAF272763F24B0065BEE2 /* syntax-data.txt in Resources */,
				FB0EAEAE275A63760065BEE2 /* binary-diagnostic-data.txt in Resources */,
				FB0EAEBB275B73BB0065BEE2 /* test-bingo-data.txt in Resources */,
				FB0EAF002760B7EA0065BEE2 /* 7segment-display-data.txt in Resources */,
				FB0EAF4C2766AE410065BEE2 /* test10-cave-path-data.txt in Resources */,
				FB0EAF3E27648F870065BEE2 /* test-energy-levels-data.txt in Resources */,
				FB0EAED1275CC5200065BEE2 /* test-lanternfish-spawn-data.txt in Resources */,
				FB0EAEFE2760B7E40065BEE2 /* test-7segment-display-data.txt in Resources */,
				FB0EAE9F27593E6B0065BEE2 /* navigation-data.txt in Resources */,
				FB0EAE942758CE7E0065BEE2 /* test-navigation-data.txt in Resources */,
				FB0EAE8227581CFF0065BEE2 /* test-depth-measurements.txt in Resources */,
				FB0EAEEF275F59790065BEE2 /* test-horizontal-position-data.txt in Resources */,
				FB0EAEE3275E0CD20065BEE2 /* lanternfish-spawn-data.txt in Resources */,
				FB0EAF192762B42A0065BEE2 /* area-points-data.txt in Resources */,
				FB0EAF292763F2500065BEE2 /* test-syntax-data.txt in Resources */,
				FB0EAF4D2766AE410065BEE2 /* test19-cave-path-data.txt in Resources */,
				FB0EAECE275CC51D0065BEE2 /* test-hydrothermal-lines-data.txt in Resources */,
			);
			runOnlyForDeploymentPostprocessing = 0;
		};
/* End PBXResourcesBuildPhase section */

/* Begin PBXSourcesBuildPhase section */
		FB0EAE15275787390065BEE2 /* Sources */ = {
			isa = PBXSourcesBuildPhase;
			buildActionMask = 2147483647;
			files = (
				FB0EAE1D275787390065BEE2 /* main.swift in Sources */,
			);
			runOnlyForDeploymentPostprocessing = 0;
		};
		FB0EAE6527581CC00065BEE2 /* Sources */ = {
			isa = PBXSourcesBuildPhase;
			buildActionMask = 2147483647;
			files = (
				FB0EAE8427581D3F0065BEE2 /* FileReader.swift in Sources */,
				FB0EAED9275D71AD0065BEE2 /* HydrothermalDangerModels.swift in Sources */,
				FB0EAF0E276293DB0065BEE2 /* SmokeBasin.swift in Sources */,
				FB0EAF3B27648F780065BEE2 /* EnergyLevelCalculatorModels.swift in Sources */,
				FB0EAF262763F2470065BEE2 /* SyntaxScoringModels.swift in Sources */,
				FB0EAEC0275B74EC0065BEE2 /* BingoCalculatorModels.swift in Sources */,
				FB0EAF052760F8C30065BEE2 /* SevenSegmentSearchModels.swift in Sources */,
				FB0EAE8527581D430065BEE2 /* Resources.swift in Sources */,
				FB0EAE902758CD1C0065BEE2 /* DiveNavigation.swift in Sources */,
				FB0EAF472766A8460065BEE2 /* PassagePathing.swift in Sources */,
				FB0EAED5275CC5850065BEE2 /* HydrothermalDanger.swift in Sources */,
				FB0EAEA9275A590C0065BEE2 /* BinaryDiagnosticModels.swift in Sources */,
				FB0EAEA4275A179A0065BEE2 /* BinaryDiagnostic.swift in Sources */,
				FB0EAF2127637D7F0065BEE2 /* SyntaxScoring.swift in Sources */,
				FB0EAEEC275F594B0065BEE2 /* PositionAlign.swift in Sources */,
				FB0EAF10276295370065BEE2 /* SmokeBasinModels.swift in Sources */,
				FB0EAF582766B1E70065BEE2 /* PassagePathingModels.swift in Sources */,
				FB0EAEB8275B73B20065BEE2 /* BingoCalculator.swift in Sources */,
				FB0EAE8D2758251F0065BEE2 /* SlidingWindow.swift in Sources */,
				FB0EAF3727648DA30065BEE2 /* EnergyLevelCalculator.swift in Sources */,
				FB0EAEE0275DF1540065BEE2 /* LanternFish.swift in Sources */,
				FB0EAEC2275BC0EB0065BEE2 /* BingoFileReader.swift in Sources */,
				FB0EAE8627581D460065BEE2 /* StringExtension.swift in Sources */,
				FB0EAEFB2760A92E0065BEE2 /* SevenSegmentSearch.swift in Sources */,
				FB0EAE992758D6610065BEE2 /* FileColumn.swift in Sources */,
				FB0EAE972758CF8D0065BEE2 /* FormattedFileReader.swift in Sources */,
				FB0EAE6D27581CC00065BEE2 /* AOCFramework.docc in Sources */,
				FB0EAE8027581CEB0065BEE2 /* DepthIncrease.swift in Sources */,
				FB0EAF1D2762BA8B0065BEE2 /* Point.swift in Sources */,
			);
			runOnlyForDeploymentPostprocessing = 0;
		};
		FB0EAE6E27581CC10065BEE2 /* Sources */ = {
			isa = PBXSourcesBuildPhase;
			buildActionMask = 2147483647;
			files = (
				FB0EAED7275CC5AB0065BEE2 /* HydrothermalDangerTests.swift in Sources */,
				FB0EAEAB275A63690065BEE2 /* BinaryDiagnosticTests.swift in Sources */,
				FB0EAF2E2763F9920065BEE2 /* SyntaxScoringTests.swift in Sources */,
				FB0EAF3927648DC00065BEE2 /* EnergyLevelCalculatorTests.swift in Sources */,
				FB0EAEEE275F59740065BEE2 /* PositionAlignTests.swift in Sources */,
				FB0EAEE2275E09A40065BEE2 /* LanternFishTests.swift in Sources */,
				FB0EAEC6275C1A710065BEE2 /* BingoCalculatorTests.swift in Sources */,
				FB0EAF182762AD780065BEE2 /* SmokeBasinTests.swift in Sources */,
				FB0EAEFD2760B6E10065BEE2 /* SevenSegmentSearchTests.swift in Sources */,
				FB0EAE8327581D020065BEE2 /* DepthIncreaseTests.swift in Sources */,
				FB0EAF5A2766CF650065BEE2 /* PassagePathingTests.swift in Sources */,
				FB0EAE9B27593B2E0065BEE2 /* DiveNavigationTests.swift in Sources */,
			);
			runOnlyForDeploymentPostprocessing = 0;
		};
/* End PBXSourcesBuildPhase section */

/* Begin PBXTargetDependency section */
		FB0EAE7527581CC10065BEE2 /* PBXTargetDependency */ = {
			isa = PBXTargetDependency;
			target = FB0EAE6827581CC00065BEE2 /* AOCFramework */;
			targetProxy = FB0EAE7427581CC10065BEE2 /* PBXContainerItemProxy */;
		};
/* End PBXTargetDependency section */

/* Begin XCBuildConfiguration section */
		FB0EAE1E275787390065BEE2 /* Debug */ = {
			isa = XCBuildConfiguration;
			buildSettings = {
				ALWAYS_SEARCH_USER_PATHS = NO;
				CLANG_ANALYZER_NONNULL = YES;
				CLANG_ANALYZER_NUMBER_OBJECT_CONVERSION = YES_AGGRESSIVE;
				CLANG_CXX_LANGUAGE_STANDARD = "gnu++17";
				CLANG_CXX_LIBRARY = "libc++";
				CLANG_ENABLE_MODULES = YES;
				CLANG_ENABLE_OBJC_ARC = YES;
				CLANG_ENABLE_OBJC_WEAK = YES;
				CLANG_WARN_BLOCK_CAPTURE_AUTORELEASING = YES;
				CLANG_WARN_BOOL_CONVERSION = YES;
				CLANG_WARN_COMMA = YES;
				CLANG_WARN_CONSTANT_CONVERSION = YES;
				CLANG_WARN_DEPRECATED_OBJC_IMPLEMENTATIONS = YES;
				CLANG_WARN_DIRECT_OBJC_ISA_USAGE = YES_ERROR;
				CLANG_WARN_DOCUMENTATION_COMMENTS = YES;
				CLANG_WARN_EMPTY_BODY = YES;
				CLANG_WARN_ENUM_CONVERSION = YES;
				CLANG_WARN_INFINITE_RECURSION = YES;
				CLANG_WARN_INT_CONVERSION = YES;
				CLANG_WARN_NON_LITERAL_NULL_CONVERSION = YES;
				CLANG_WARN_OBJC_IMPLICIT_RETAIN_SELF = YES;
				CLANG_WARN_OBJC_LITERAL_CONVERSION = YES;
				CLANG_WARN_OBJC_ROOT_CLASS = YES_ERROR;
				CLANG_WARN_QUOTED_INCLUDE_IN_FRAMEWORK_HEADER = YES;
				CLANG_WARN_RANGE_LOOP_ANALYSIS = YES;
				CLANG_WARN_STRICT_PROTOTYPES = YES;
				CLANG_WARN_SUSPICIOUS_MOVE = YES;
				CLANG_WARN_UNGUARDED_AVAILABILITY = YES_AGGRESSIVE;
				CLANG_WARN_UNREACHABLE_CODE = YES;
				CLANG_WARN__DUPLICATE_METHOD_MATCH = YES;
				COPY_PHASE_STRIP = NO;
				DEBUG_INFORMATION_FORMAT = dwarf;
				ENABLE_STRICT_OBJC_MSGSEND = YES;
				ENABLE_TESTABILITY = YES;
				GCC_C_LANGUAGE_STANDARD = gnu11;
				GCC_DYNAMIC_NO_PIC = NO;
				GCC_NO_COMMON_BLOCKS = YES;
				GCC_OPTIMIZATION_LEVEL = 0;
				GCC_PREPROCESSOR_DEFINITIONS = (
					"DEBUG=1",
					"$(inherited)",
				);
				GCC_WARN_64_TO_32_BIT_CONVERSION = YES;
				GCC_WARN_ABOUT_RETURN_TYPE = YES_ERROR;
				GCC_WARN_UNDECLARED_SELECTOR = YES;
				GCC_WARN_UNINITIALIZED_AUTOS = YES_AGGRESSIVE;
				GCC_WARN_UNUSED_FUNCTION = YES;
				GCC_WARN_UNUSED_VARIABLE = YES;
				MACOSX_DEPLOYMENT_TARGET = 12.0;
				MTL_ENABLE_DEBUG_INFO = INCLUDE_SOURCE;
				MTL_FAST_MATH = YES;
				ONLY_ACTIVE_ARCH = YES;
				SDKROOT = macosx;
				SWIFT_ACTIVE_COMPILATION_CONDITIONS = DEBUG;
				SWIFT_OPTIMIZATION_LEVEL = "-Onone";
			};
			name = Debug;
		};
		FB0EAE1F275787390065BEE2 /* Release */ = {
			isa = XCBuildConfiguration;
			buildSettings = {
				ALWAYS_SEARCH_USER_PATHS = NO;
				CLANG_ANALYZER_NONNULL = YES;
				CLANG_ANALYZER_NUMBER_OBJECT_CONVERSION = YES_AGGRESSIVE;
				CLANG_CXX_LANGUAGE_STANDARD = "gnu++17";
				CLANG_CXX_LIBRARY = "libc++";
				CLANG_ENABLE_MODULES = YES;
				CLANG_ENABLE_OBJC_ARC = YES;
				CLANG_ENABLE_OBJC_WEAK = YES;
				CLANG_WARN_BLOCK_CAPTURE_AUTORELEASING = YES;
				CLANG_WARN_BOOL_CONVERSION = YES;
				CLANG_WARN_COMMA = YES;
				CLANG_WARN_CONSTANT_CONVERSION = YES;
				CLANG_WARN_DEPRECATED_OBJC_IMPLEMENTATIONS = YES;
				CLANG_WARN_DIRECT_OBJC_ISA_USAGE = YES_ERROR;
				CLANG_WARN_DOCUMENTATION_COMMENTS = YES;
				CLANG_WARN_EMPTY_BODY = YES;
				CLANG_WARN_ENUM_CONVERSION = YES;
				CLANG_WARN_INFINITE_RECURSION = YES;
				CLANG_WARN_INT_CONVERSION = YES;
				CLANG_WARN_NON_LITERAL_NULL_CONVERSION = YES;
				CLANG_WARN_OBJC_IMPLICIT_RETAIN_SELF = YES;
				CLANG_WARN_OBJC_LITERAL_CONVERSION = YES;
				CLANG_WARN_OBJC_ROOT_CLASS = YES_ERROR;
				CLANG_WARN_QUOTED_INCLUDE_IN_FRAMEWORK_HEADER = YES;
				CLANG_WARN_RANGE_LOOP_ANALYSIS = YES;
				CLANG_WARN_STRICT_PROTOTYPES = YES;
				CLANG_WARN_SUSPICIOUS_MOVE = YES;
				CLANG_WARN_UNGUARDED_AVAILABILITY = YES_AGGRESSIVE;
				CLANG_WARN_UNREACHABLE_CODE = YES;
				CLANG_WARN__DUPLICATE_METHOD_MATCH = YES;
				COPY_PHASE_STRIP = NO;
				DEBUG_INFORMATION_FORMAT = "dwarf-with-dsym";
				ENABLE_NS_ASSERTIONS = NO;
				ENABLE_STRICT_OBJC_MSGSEND = YES;
				GCC_C_LANGUAGE_STANDARD = gnu11;
				GCC_NO_COMMON_BLOCKS = YES;
				GCC_WARN_64_TO_32_BIT_CONVERSION = YES;
				GCC_WARN_ABOUT_RETURN_TYPE = YES_ERROR;
				GCC_WARN_UNDECLARED_SELECTOR = YES;
				GCC_WARN_UNINITIALIZED_AUTOS = YES_AGGRESSIVE;
				GCC_WARN_UNUSED_FUNCTION = YES;
				GCC_WARN_UNUSED_VARIABLE = YES;
				MACOSX_DEPLOYMENT_TARGET = 12.0;
				MTL_ENABLE_DEBUG_INFO = NO;
				MTL_FAST_MATH = YES;
				SDKROOT = macosx;
				SWIFT_COMPILATION_MODE = wholemodule;
				SWIFT_OPTIMIZATION_LEVEL = "-O";
			};
			name = Release;
		};
		FB0EAE21275787390065BEE2 /* Debug */ = {
			isa = XCBuildConfiguration;
			buildSettings = {
				CODE_SIGN_STYLE = Automatic;
				DEVELOPMENT_TEAM = 39BS3Y5C2T;
				ENABLE_HARDENED_RUNTIME = YES;
				PRODUCT_NAME = "$(TARGET_NAME)";
				SWIFT_VERSION = 5.0;
			};
			name = Debug;
		};
		FB0EAE22275787390065BEE2 /* Release */ = {
			isa = XCBuildConfiguration;
			buildSettings = {
				CODE_SIGN_STYLE = Automatic;
				DEVELOPMENT_TEAM = 39BS3Y5C2T;
				ENABLE_HARDENED_RUNTIME = YES;
				PRODUCT_NAME = "$(TARGET_NAME)";
				SWIFT_VERSION = 5.0;
			};
			name = Release;
		};
		FB0EAE7B27581CC10065BEE2 /* Debug */ = {
			isa = XCBuildConfiguration;
			buildSettings = {
				CODE_SIGN_STYLE = Automatic;
				COMBINE_HIDPI_IMAGES = YES;
				CURRENT_PROJECT_VERSION = 1;
				DEFINES_MODULE = YES;
				DEVELOPMENT_TEAM = 39BS3Y5C2T;
				DYLIB_COMPATIBILITY_VERSION = 1;
				DYLIB_CURRENT_VERSION = 1;
				DYLIB_INSTALL_NAME_BASE = "@rpath";
				GENERATE_INFOPLIST_FILE = YES;
				INFOPLIST_KEY_NSHumanReadableCopyright = "";
				INSTALL_PATH = "$(LOCAL_LIBRARY_DIR)/Frameworks";
				LD_RUNPATH_SEARCH_PATHS = (
					"$(inherited)",
					"@executable_path/../Frameworks",
					"@loader_path/Frameworks",
				);
				MARKETING_VERSION = 1.0;
				PRODUCT_BUNDLE_IDENTIFIER = dev.bizi.AOCFramework;
				PRODUCT_NAME = "$(TARGET_NAME:c99extidentifier)";
				SKIP_INSTALL = YES;
				SWIFT_EMIT_LOC_STRINGS = YES;
				SWIFT_VERSION = 5.0;
				VERSIONING_SYSTEM = "apple-generic";
				VERSION_INFO_PREFIX = "";
			};
			name = Debug;
		};
		FB0EAE7C27581CC10065BEE2 /* Release */ = {
			isa = XCBuildConfiguration;
			buildSettings = {
				CODE_SIGN_STYLE = Automatic;
				COMBINE_HIDPI_IMAGES = YES;
				CURRENT_PROJECT_VERSION = 1;
				DEFINES_MODULE = YES;
				DEVELOPMENT_TEAM = 39BS3Y5C2T;
				DYLIB_COMPATIBILITY_VERSION = 1;
				DYLIB_CURRENT_VERSION = 1;
				DYLIB_INSTALL_NAME_BASE = "@rpath";
				GENERATE_INFOPLIST_FILE = YES;
				INFOPLIST_KEY_NSHumanReadableCopyright = "";
				INSTALL_PATH = "$(LOCAL_LIBRARY_DIR)/Frameworks";
				LD_RUNPATH_SEARCH_PATHS = (
					"$(inherited)",
					"@executable_path/../Frameworks",
					"@loader_path/Frameworks",
				);
				MARKETING_VERSION = 1.0;
				PRODUCT_BUNDLE_IDENTIFIER = dev.bizi.AOCFramework;
				PRODUCT_NAME = "$(TARGET_NAME:c99extidentifier)";
				SKIP_INSTALL = YES;
				SWIFT_EMIT_LOC_STRINGS = YES;
				SWIFT_VERSION = 5.0;
				VERSIONING_SYSTEM = "apple-generic";
				VERSION_INFO_PREFIX = "";
			};
			name = Release;
		};
		FB0EAE7E27581CC10065BEE2 /* Debug */ = {
			isa = XCBuildConfiguration;
			buildSettings = {
				ALWAYS_EMBED_SWIFT_STANDARD_LIBRARIES = YES;
				CODE_SIGN_STYLE = Automatic;
				COMBINE_HIDPI_IMAGES = YES;
				CURRENT_PROJECT_VERSION = 1;
				DEVELOPMENT_TEAM = 39BS3Y5C2T;
				GENERATE_INFOPLIST_FILE = YES;
				LD_RUNPATH_SEARCH_PATHS = (
					"$(inherited)",
					"@executable_path/../Frameworks",
					"@loader_path/../Frameworks",
				);
				MARKETING_VERSION = 1.0;
				PRODUCT_BUNDLE_IDENTIFIER = dev.bizi.AOCFrameworkTests;
				PRODUCT_NAME = "$(TARGET_NAME)";
				SWIFT_EMIT_LOC_STRINGS = NO;
				SWIFT_VERSION = 5.0;
			};
			name = Debug;
		};
		FB0EAE7F27581CC10065BEE2 /* Release */ = {
			isa = XCBuildConfiguration;
			buildSettings = {
				ALWAYS_EMBED_SWIFT_STANDARD_LIBRARIES = YES;
				CODE_SIGN_STYLE = Automatic;
				COMBINE_HIDPI_IMAGES = YES;
				CURRENT_PROJECT_VERSION = 1;
				DEVELOPMENT_TEAM = 39BS3Y5C2T;
				GENERATE_INFOPLIST_FILE = YES;
				LD_RUNPATH_SEARCH_PATHS = (
					"$(inherited)",
					"@executable_path/../Frameworks",
					"@loader_path/../Frameworks",
				);
				MARKETING_VERSION = 1.0;
				PRODUCT_BUNDLE_IDENTIFIER = dev.bizi.AOCFrameworkTests;
				PRODUCT_NAME = "$(TARGET_NAME)";
				SWIFT_EMIT_LOC_STRINGS = NO;
				SWIFT_VERSION = 5.0;
			};
			name = Release;
		};
/* End XCBuildConfiguration section */

/* Begin XCConfigurationList section */
		FB0EAE14275787390065BEE2 /* Build configuration list for PBXProject "aoc2021" */ = {
			isa = XCConfigurationList;
			buildConfigurations = (
				FB0EAE1E275787390065BEE2 /* Debug */,
				FB0EAE1F275787390065BEE2 /* Release */,
			);
			defaultConfigurationIsVisible = 0;
			defaultConfigurationName = Release;
		};
		FB0EAE20275787390065BEE2 /* Build configuration list for PBXNativeTarget "aoc2021" */ = {
			isa = XCConfigurationList;
			buildConfigurations = (
				FB0EAE21275787390065BEE2 /* Debug */,
				FB0EAE22275787390065BEE2 /* Release */,
			);
			defaultConfigurationIsVisible = 0;
			defaultConfigurationName = Release;
		};
		FB0EAE7A27581CC10065BEE2 /* Build configuration list for PBXNativeTarget "AOCFramework" */ = {
			isa = XCConfigurationList;
			buildConfigurations = (
				FB0EAE7B27581CC10065BEE2 /* Debug */,
				FB0EAE7C27581CC10065BEE2 /* Release */,
			);
			defaultConfigurationIsVisible = 0;
			defaultConfigurationName = Release;
		};
		FB0EAE7D27581CC10065BEE2 /* Build configuration list for PBXNativeTarget "AOCFrameworkTests" */ = {
			isa = XCConfigurationList;
			buildConfigurations = (
				FB0EAE7E27581CC10065BEE2 /* Debug */,
				FB0EAE7F27581CC10065BEE2 /* Release */,
			);
			defaultConfigurationIsVisible = 0;
			defaultConfigurationName = Release;
		};
/* End XCConfigurationList section */
	};
	rootObject = FB0EAE11275787390065BEE2 /* Project object */;
}
